// !$*UTF8*$!
{
	archiveVersion = 1;
	classes = {
	};
	objectVersion = 46;
	objects = {

/* Begin PBXAggregateTarget section */
		41AD75F51C8E33E600B18C35 /* Tests */ = {
			isa = PBXAggregateTarget;
			buildConfigurationList = 41AD75F81C8E33E600B18C35 /* Build configuration list for PBXAggregateTarget "Tests" */;
			buildPhases = (
			);
			dependencies = (
				41AD75FA1C8E33F700B18C35 /* PBXTargetDependency */,
				41AD75FC1C8E33F700B18C35 /* PBXTargetDependency */,
			);
			name = Tests;
			productName = Tests;
		};
		41CAEAC81C8D95A6003C2C7B /* Libraries */ = {
			isa = PBXAggregateTarget;
			buildConfigurationList = 41CAEAC91C8D95A6003C2C7B /* Build configuration list for PBXAggregateTarget "Libraries" */;
			buildPhases = (
			);
			dependencies = (
				41CAEACD1C8D95B0003C2C7B /* PBXTargetDependency */,
				41CAEACF1C8D95B0003C2C7B /* PBXTargetDependency */,
			);
			name = Libraries;
			productName = Libraries;
		};
/* End PBXAggregateTarget section */

/* Begin PBXBuildFile section */
		4184C47A1C8DCA56004CED2F /* libmulle_aba.a in Frameworks */ = {isa = PBXBuildFile; fileRef = 41CAEAD31C8D95D4003C2C7B /* libmulle_aba.a */; };
		4184C47B1C8DCA5A004CED2F /* libmulle_aba.a in Frameworks */ = {isa = PBXBuildFile; fileRef = 41CAEAD31C8D95D4003C2C7B /* libmulle_aba.a */; };
		41CAEAD21C8D95BB003C2C7B /* libmulle_concurrent.a in Frameworks */ = {isa = PBXBuildFile; fileRef = 41F14FE61B68F098002189F1 /* libmulle_concurrent.a */; };
		41CAEAD81C8D95D4003C2C7B /* libmulle_allocator.a in Frameworks */ = {isa = PBXBuildFile; fileRef = 41CAEAD51C8D95D4003C2C7B /* libmulle_allocator.a */; };
		41CAEADA1C8D95ED003C2C7B /* mulle_concurrent.h in Headers */ = {isa = PBXBuildFile; fileRef = 41CAEAD91C8D95ED003C2C7B /* mulle_concurrent.h */; settings = {ATTRIBUTES = (Public, ); }; };
		41CAEADF1C8D98F0003C2C7B /* mulle_concurrent_standalone.c in Sources */ = {isa = PBXBuildFile; fileRef = 41CAEADE1C8D98F0003C2C7B /* mulle_concurrent_standalone.c */; };
		41CAEAE11C8D9D98003C2C7B /* mulle_concurrent_types.h in Headers */ = {isa = PBXBuildFile; fileRef = 41CAEAE01C8D9D98003C2C7B /* mulle_concurrent_types.h */; settings = {ATTRIBUTES = (Public, ); }; };
		41CAEAEF1C8DA00F003C2C7B /* hashmap.c in Sources */ = {isa = PBXBuildFile; fileRef = 41CAEAEE1C8DA00F003C2C7B /* hashmap.c */; };
		41CAEAF21C8DA09C003C2C7B /* libmulle_standalone_concurrent.dylib in Frameworks */ = {isa = PBXBuildFile; fileRef = 41CAEAC41C8D9599003C2C7B /* libmulle_standalone_concurrent.dylib */; };
		41CAEB001C8DA224003C2C7B /* libmulle_standalone_concurrent.dylib in Frameworks */ = {isa = PBXBuildFile; fileRef = 41CAEAC41C8D9599003C2C7B /* libmulle_standalone_concurrent.dylib */; };
		41CAEB041C8DA251003C2C7B /* pointerarray.c in Sources */ = {isa = PBXBuildFile; fileRef = 41CAEB031C8DA251003C2C7B /* pointerarray.c */; };
		41CAEB061C8DA326003C2C7B /* libmulle_test_allocator.a in Frameworks */ = {isa = PBXBuildFile; fileRef = 41CAEB051C8DA326003C2C7B /* libmulle_test_allocator.a */; };
		41CAEB071C8DA518003C2C7B /* libmulle_test_allocator.a in Frameworks */ = {isa = PBXBuildFile; fileRef = 41CAEB051C8DA326003C2C7B /* libmulle_test_allocator.a */; };
		41CAEB081C8DA51E003C2C7B /* libmulle_test_allocator.a in Frameworks */ = {isa = PBXBuildFile; fileRef = 41CAEB051C8DA326003C2C7B /* libmulle_test_allocator.a */; };
		41D8BA821C8D92DE00186ECE /* mulle_concurrent_hashmap.c in Sources */ = {isa = PBXBuildFile; fileRef = 41D8BA7D1C8D92DE00186ECE /* mulle_concurrent_hashmap.c */; };
		41D8BA831C8D92DE00186ECE /* mulle_concurrent_hashmap.h in Headers */ = {isa = PBXBuildFile; fileRef = 41D8BA7E1C8D92DE00186ECE /* mulle_concurrent_hashmap.h */; settings = {ATTRIBUTES = (Public, ); }; };
		41D8BA841C8D92DE00186ECE /* mulle_concurrent_pointerarray.c in Sources */ = {isa = PBXBuildFile; fileRef = 41D8BA801C8D92DE00186ECE /* mulle_concurrent_pointerarray.c */; };
		41D8BA851C8D92DE00186ECE /* mulle_concurrent_pointerarray.h in Headers */ = {isa = PBXBuildFile; fileRef = 41D8BA811C8D92DE00186ECE /* mulle_concurrent_pointerarray.h */; settings = {ATTRIBUTES = (Public, ); }; };
/* End PBXBuildFile section */

/* Begin PBXContainerItemProxy section */
		41AD75F91C8E33F700B18C35 /* PBXContainerItemProxy */ = {
			isa = PBXContainerItemProxy;
			containerPortal = 414785241ABAF290002DBAE4 /* Project object */;
			proxyType = 1;
			remoteGlobalIDString = 41CAEAE61C8D9FF4003C2C7B;
			remoteInfo = "test-hashmap";
		};
		41AD75FB1C8E33F700B18C35 /* PBXContainerItemProxy */ = {
			isa = PBXContainerItemProxy;
			containerPortal = 414785241ABAF290002DBAE4 /* Project object */;
			proxyType = 1;
			remoteGlobalIDString = 41CAEAF61C8DA20F003C2C7B;
			remoteInfo = "test-pointerarray";
		};
		41CAEACC1C8D95B0003C2C7B /* PBXContainerItemProxy */ = {
			isa = PBXContainerItemProxy;
			containerPortal = 414785241ABAF290002DBAE4 /* Project object */;
			proxyType = 1;
			remoteGlobalIDString = 41F14FE51B68F098002189F1;
			remoteInfo = mulle_container;
		};
		41CAEACE1C8D95B0003C2C7B /* PBXContainerItemProxy */ = {
			isa = PBXContainerItemProxy;
			containerPortal = 414785241ABAF290002DBAE4 /* Project object */;
			proxyType = 1;
			remoteGlobalIDString = 41CAEAC31C8D9599003C2C7B;
			remoteInfo = mulle_standalone_concurrent;
		};
		41CAEAD01C8D95B5003C2C7B /* PBXContainerItemProxy */ = {
			isa = PBXContainerItemProxy;
			containerPortal = 414785241ABAF290002DBAE4 /* Project object */;
			proxyType = 1;
			remoteGlobalIDString = 41F14FE51B68F098002189F1;
			remoteInfo = mulle_container;
		};
		41CAEAF01C8DA098003C2C7B /* PBXContainerItemProxy */ = {
			isa = PBXContainerItemProxy;
			containerPortal = 414785241ABAF290002DBAE4 /* Project object */;
			proxyType = 1;
			remoteGlobalIDString = 41CAEAC31C8D9599003C2C7B;
			remoteInfo = mulle_standalone_concurrent;
		};
		41CAEAFE1C8DA221003C2C7B /* PBXContainerItemProxy */ = {
			isa = PBXContainerItemProxy;
			containerPortal = 414785241ABAF290002DBAE4 /* Project object */;
			proxyType = 1;
			remoteGlobalIDString = 41CAEAC31C8D9599003C2C7B;
			remoteInfo = mulle_standalone_concurrent;
		};
/* End PBXContainerItemProxy section */

/* Begin PBXFileReference section */
		411A28C11BCD446E00D39FF7 /* CMakeLists.txt */ = {isa = PBXFileReference; fileEncoding = 4; lastKnownFileType = text; path = CMakeLists.txt; sourceTree = "<group>"; };
		417C02651BD8404E005A3751 /* Debug.xcconfig */ = {isa = PBXFileReference; fileEncoding = 4; lastKnownFileType = text.xcconfig; path = Debug.xcconfig; sourceTree = "<group>"; };
		417C02681BD8404E005A3751 /* Release.xcconfig */ = {isa = PBXFileReference; fileEncoding = 4; lastKnownFileType = text.xcconfig; path = Release.xcconfig; sourceTree = "<group>"; };
		417C026A1BD8404E005A3751 /* StaticLibraryIOS.xcconfig */ = {isa = PBXFileReference; fileEncoding = 4; lastKnownFileType = text.xcconfig; path = StaticLibraryIOS.xcconfig; sourceTree = "<group>"; };
		417C026B1BD8404E005A3751 /* StaticLibraryOSX.xcconfig */ = {isa = PBXFileReference; fileEncoding = 4; lastKnownFileType = text.xcconfig; path = StaticLibraryOSX.xcconfig; sourceTree = "<group>"; };
		417C026C1BD8404E005A3751 /* ToolOSX.xcconfig */ = {isa = PBXFileReference; fileEncoding = 4; lastKnownFileType = text.xcconfig; path = ToolOSX.xcconfig; sourceTree = "<group>"; };
		41CAEAC41C8D9599003C2C7B /* libmulle_standalone_concurrent.dylib */ = {isa = PBXFileReference; explicitFileType = "compiled.mach-o.dylib"; includeInIndex = 0; path = libmulle_standalone_concurrent.dylib; sourceTree = BUILT_PRODUCTS_DIR; };
		41CAEAD31C8D95D4003C2C7B /* libmulle_aba.a */ = {isa = PBXFileReference; lastKnownFileType = archive.ar; name = libmulle_aba.a; path = dependencies/lib/Debug/libmulle_aba.a; sourceTree = "<group>"; };
		41CAEAD41C8D95D4003C2C7B /* libmulle_thread.a */ = {isa = PBXFileReference; lastKnownFileType = archive.ar; name = libmulle_thread.a; path = dependencies/lib/Debug/libmulle_thread.a; sourceTree = "<group>"; };
		41CAEAD51C8D95D4003C2C7B /* libmulle_allocator.a */ = {isa = PBXFileReference; lastKnownFileType = archive.ar; name = libmulle_allocator.a; path = dependencies/lib/Debug/libmulle_allocator.a; sourceTree = "<group>"; };
		41CAEAD91C8D95ED003C2C7B /* mulle_concurrent.h */ = {isa = PBXFileReference; fileEncoding = 4; lastKnownFileType = sourcecode.c.h; path = mulle_concurrent.h; sourceTree = "<group>"; };
		41CAEADD1C8D982D003C2C7B /* DynamicLibraryOSX.xcconfig */ = {isa = PBXFileReference; lastKnownFileType = text.xcconfig; path = DynamicLibraryOSX.xcconfig; sourceTree = "<group>"; };
		41CAEADE1C8D98F0003C2C7B /* mulle_concurrent_standalone.c */ = {isa = PBXFileReference; fileEncoding = 4; lastKnownFileType = sourcecode.c.c; path = mulle_concurrent_standalone.c; sourceTree = "<group>"; };
		41CAEAE01C8D9D98003C2C7B /* mulle_concurrent_types.h */ = {isa = PBXFileReference; fileEncoding = 4; lastKnownFileType = sourcecode.c.h; path = mulle_concurrent_types.h; sourceTree = "<group>"; };
		41CAEAE71C8D9FF4003C2C7B /* test-hashmap */ = {isa = PBXFileReference; explicitFileType = "compiled.mach-o.executable"; includeInIndex = 0; path = "test-hashmap"; sourceTree = BUILT_PRODUCTS_DIR; };
		41CAEAEE1C8DA00F003C2C7B /* hashmap.c */ = {isa = PBXFileReference; fileEncoding = 4; lastKnownFileType = sourcecode.c.c; name = hashmap.c; path = tests/hashmap/hashmap.c; sourceTree = SOURCE_ROOT; };
		41CAEAF71C8DA20F003C2C7B /* test-pointerarray */ = {isa = PBXFileReference; explicitFileType = "compiled.mach-o.executable"; includeInIndex = 0; path = "test-pointerarray"; sourceTree = BUILT_PRODUCTS_DIR; };
		41CAEB031C8DA251003C2C7B /* pointerarray.c */ = {isa = PBXFileReference; fileEncoding = 4; lastKnownFileType = sourcecode.c.c; name = pointerarray.c; path = ../array/pointerarray.c; sourceTree = "<group>"; };
		41CAEB051C8DA326003C2C7B /* libmulle_test_allocator.a */ = {isa = PBXFileReference; lastKnownFileType = archive.ar; name = libmulle_test_allocator.a; path = dependencies/lib/Debug/libmulle_test_allocator.a; sourceTree = "<group>"; };
		41CAEB091C8DB97F003C2C7B /* README.md */ = {isa = PBXFileReference; lastKnownFileType = net.daringfireball.markdown; path = README.md; sourceTree = "<group>"; };
		41D04AB71C8DD69000CC8F11 /* RELEASENOTES.md */ = {isa = PBXFileReference; lastKnownFileType = net.daringfireball.markdown; path = RELEASENOTES.md; sourceTree = "<group>"; };
		41D8BA7D1C8D92DE00186ECE /* mulle_concurrent_hashmap.c */ = {isa = PBXFileReference; fileEncoding = 4; lastKnownFileType = sourcecode.c.c; path = mulle_concurrent_hashmap.c; sourceTree = "<group>"; };
		41D8BA7E1C8D92DE00186ECE /* mulle_concurrent_hashmap.h */ = {isa = PBXFileReference; fileEncoding = 4; lastKnownFileType = sourcecode.c.h; path = mulle_concurrent_hashmap.h; sourceTree = "<group>"; };
		41D8BA801C8D92DE00186ECE /* mulle_concurrent_pointerarray.c */ = {isa = PBXFileReference; fileEncoding = 4; lastKnownFileType = sourcecode.c.c; path = mulle_concurrent_pointerarray.c; sourceTree = "<group>"; };
		41D8BA811C8D92DE00186ECE /* mulle_concurrent_pointerarray.h */ = {isa = PBXFileReference; fileEncoding = 4; lastKnownFileType = sourcecode.c.h; path = mulle_concurrent_pointerarray.h; sourceTree = "<group>"; };
		41F14FE61B68F098002189F1 /* libmulle_concurrent.a */ = {isa = PBXFileReference; explicitFileType = archive.ar; includeInIndex = 0; path = libmulle_concurrent.a; sourceTree = BUILT_PRODUCTS_DIR; };
/* End PBXFileReference section */

/* Begin PBXFrameworksBuildPhase section */
		41CAEAC11C8D9599003C2C7B /* Frameworks */ = {
			isa = PBXFrameworksBuildPhase;
			buildActionMask = 2147483647;
			files = (
				41CAEAD81C8D95D4003C2C7B /* libmulle_allocator.a in Frameworks */,
				41CAEB061C8DA326003C2C7B /* libmulle_test_allocator.a in Frameworks */,
				41CAEAD21C8D95BB003C2C7B /* libmulle_concurrent.a in Frameworks */,
			);
			runOnlyForDeploymentPostprocessing = 0;
		};
		41CAEAE41C8D9FF4003C2C7B /* Frameworks */ = {
			isa = PBXFrameworksBuildPhase;
			buildActionMask = 2147483647;
			files = (
				41CAEAF21C8DA09C003C2C7B /* libmulle_standalone_concurrent.dylib in Frameworks */,
				4184C47A1C8DCA56004CED2F /* libmulle_aba.a in Frameworks */,
				41CAEB071C8DA518003C2C7B /* libmulle_test_allocator.a in Frameworks */,
			);
			runOnlyForDeploymentPostprocessing = 0;
		};
		41CAEAF41C8DA20F003C2C7B /* Frameworks */ = {
			isa = PBXFrameworksBuildPhase;
			buildActionMask = 2147483647;
			files = (
				41CAEB001C8DA224003C2C7B /* libmulle_standalone_concurrent.dylib in Frameworks */,
				41CAEB081C8DA51E003C2C7B /* libmulle_test_allocator.a in Frameworks */,
				4184C47B1C8DCA5A004CED2F /* libmulle_aba.a in Frameworks */,
			);
			runOnlyForDeploymentPostprocessing = 0;
		};
/* End PBXFrameworksBuildPhase section */

/* Begin PBXGroup section */
		414785231ABAF290002DBAE4 = {
			isa = PBXGroup;
			children = (
				411A28C11BCD446E00D39FF7 /* CMakeLists.txt */,
				41CAEB091C8DB97F003C2C7B /* README.md */,
				41D04AB71C8DD69000CC8F11 /* RELEASENOTES.md */,
				417C02631BD8404E005A3751 /* mulle-configuration */,
				4147852E1ABAF290002DBAE4 /* src */,
				41CAEAE21C8D9F23003C2C7B /* Libraries */,
				41CAEAE81C8D9FF4003C2C7B /* test-hashmap */,
				41CAEAF81C8DA20F003C2C7B /* test-pointerarray */,
				4147852D1ABAF290002DBAE4 /* Products */,
			);
			sourceTree = "<group>";
		};
		4147852D1ABAF290002DBAE4 /* Products */ = {
			isa = PBXGroup;
			children = (
				41F14FE61B68F098002189F1 /* libmulle_concurrent.a */,
				41CAEAC41C8D9599003C2C7B /* libmulle_standalone_concurrent.dylib */,
				41CAEAE71C8D9FF4003C2C7B /* test-hashmap */,
				41CAEAF71C8DA20F003C2C7B /* test-pointerarray */,
			);
			name = Products;
			sourceTree = "<group>";
		};
		4147852E1ABAF290002DBAE4 /* src */ = {
			isa = PBXGroup;
			children = (
				41CAEAD91C8D95ED003C2C7B /* mulle_concurrent.h */,
				41CAEAE01C8D9D98003C2C7B /* mulle_concurrent_types.h */,
				41CAEADE1C8D98F0003C2C7B /* mulle_concurrent_standalone.c */,
				41D8BA7C1C8D92DE00186ECE /* hashmap */,
				41D8BA7F1C8D92DE00186ECE /* pointerarray */,
			);
			path = src;
			sourceTree = "<group>";
		};
		417C02631BD8404E005A3751 /* mulle-configuration */ = {
			isa = PBXGroup;
			children = (
				41CAEADD1C8D982D003C2C7B /* DynamicLibraryOSX.xcconfig */,
				417C02651BD8404E005A3751 /* Debug.xcconfig */,
				417C02681BD8404E005A3751 /* Release.xcconfig */,
				417C026A1BD8404E005A3751 /* StaticLibraryIOS.xcconfig */,
				417C026B1BD8404E005A3751 /* StaticLibraryOSX.xcconfig */,
				417C026C1BD8404E005A3751 /* ToolOSX.xcconfig */,
			);
			path = "mulle-configuration";
			sourceTree = "<group>";
		};
		41CAEAE21C8D9F23003C2C7B /* Libraries */ = {
			isa = PBXGroup;
			children = (
				41CAEB051C8DA326003C2C7B /* libmulle_test_allocator.a */,
				41CAEAD31C8D95D4003C2C7B /* libmulle_aba.a */,
				41CAEAD41C8D95D4003C2C7B /* libmulle_thread.a */,
				41CAEAD51C8D95D4003C2C7B /* libmulle_allocator.a */,
			);
			name = Libraries;
			sourceTree = "<group>";
		};
		41CAEAE81C8D9FF4003C2C7B /* test-hashmap */ = {
			isa = PBXGroup;
			children = (
				41CAEAEE1C8DA00F003C2C7B /* hashmap.c */,
			);
			path = "test-hashmap";
			sourceTree = "<group>";
		};
		41CAEAF81C8DA20F003C2C7B /* test-pointerarray */ = {
			isa = PBXGroup;
			children = (
				41CAEB031C8DA251003C2C7B /* pointerarray.c */,
			);
			name = "test-pointerarray";
			path = tests/pointerarray;
			sourceTree = "<group>";
		};
		41D8BA7C1C8D92DE00186ECE /* hashmap */ = {
			isa = PBXGroup;
			children = (
				41D8BA7E1C8D92DE00186ECE /* mulle_concurrent_hashmap.h */,
				41D8BA7D1C8D92DE00186ECE /* mulle_concurrent_hashmap.c */,
			);
			path = hashmap;
			sourceTree = "<group>";
		};
		41D8BA7F1C8D92DE00186ECE /* pointerarray */ = {
			isa = PBXGroup;
			children = (
				41D8BA811C8D92DE00186ECE /* mulle_concurrent_pointerarray.h */,
				41D8BA801C8D92DE00186ECE /* mulle_concurrent_pointerarray.c */,
			);
			path = pointerarray;
			sourceTree = "<group>";
		};
/* End PBXGroup section */

/* Begin PBXHeadersBuildPhase section */
		4105ABF01BCB088A00D45AA8 /* Headers */ = {
			isa = PBXHeadersBuildPhase;
			buildActionMask = 2147483647;
			files = (
				41CAEADA1C8D95ED003C2C7B /* mulle_concurrent.h in Headers */,
				41CAEAE11C8D9D98003C2C7B /* mulle_concurrent_types.h in Headers */,
				41D8BA851C8D92DE00186ECE /* mulle_concurrent_pointerarray.h in Headers */,
				41D8BA831C8D92DE00186ECE /* mulle_concurrent_hashmap.h in Headers */,
			);
			runOnlyForDeploymentPostprocessing = 0;
		};
		41CAEAC21C8D9599003C2C7B /* Headers */ = {
			isa = PBXHeadersBuildPhase;
			buildActionMask = 2147483647;
			files = (
			);
			runOnlyForDeploymentPostprocessing = 0;
		};
/* End PBXHeadersBuildPhase section */

/* Begin PBXNativeTarget section */
		41CAEAC31C8D9599003C2C7B /* mulle_standalone_concurrent */ = {
			isa = PBXNativeTarget;
			buildConfigurationList = 41CAEAC51C8D9599003C2C7B /* Build configuration list for PBXNativeTarget "mulle_standalone_concurrent" */;
			buildPhases = (
				41CAEAC01C8D9599003C2C7B /* Sources */,
				41CAEAC11C8D9599003C2C7B /* Frameworks */,
				41CAEAC21C8D9599003C2C7B /* Headers */,
			);
			buildRules = (
			);
			dependencies = (
				41CAEAD11C8D95B5003C2C7B /* PBXTargetDependency */,
			);
			name = mulle_standalone_concurrent;
			productName = mulle_standalone_concurrent;
			productReference = 41CAEAC41C8D9599003C2C7B /* libmulle_standalone_concurrent.dylib */;
			productType = "com.apple.product-type.library.dynamic";
		};
		41CAEAE61C8D9FF4003C2C7B /* test-hashmap */ = {
			isa = PBXNativeTarget;
			buildConfigurationList = 41CAEAEB1C8D9FF4003C2C7B /* Build configuration list for PBXNativeTarget "test-hashmap" */;
			buildPhases = (
				41CAEAE31C8D9FF4003C2C7B /* Sources */,
				41CAEAE41C8D9FF4003C2C7B /* Frameworks */,
			);
			buildRules = (
			);
			dependencies = (
				41CAEAF11C8DA098003C2C7B /* PBXTargetDependency */,
			);
			name = "test-hashmap";
			productName = "test-hashmap";
			productReference = 41CAEAE71C8D9FF4003C2C7B /* test-hashmap */;
			productType = "com.apple.product-type.tool";
		};
		41CAEAF61C8DA20F003C2C7B /* test-pointerarray */ = {
			isa = PBXNativeTarget;
			buildConfigurationList = 41CAEAFB1C8DA20F003C2C7B /* Build configuration list for PBXNativeTarget "test-pointerarray" */;
			buildPhases = (
				41CAEAF31C8DA20F003C2C7B /* Sources */,
				41CAEAF41C8DA20F003C2C7B /* Frameworks */,
			);
			buildRules = (
			);
			dependencies = (
				41CAEAFF1C8DA221003C2C7B /* PBXTargetDependency */,
			);
			name = "test-pointerarray";
			productName = "test-pointerlist";
			productReference = 41CAEAF71C8DA20F003C2C7B /* test-pointerarray */;
			productType = "com.apple.product-type.tool";
		};
		41F14FE51B68F098002189F1 /* mulle_concurrent */ = {
			isa = PBXNativeTarget;
			buildConfigurationList = 41F14FE71B68F098002189F1 /* Build configuration list for PBXNativeTarget "mulle_concurrent" */;
			buildPhases = (
				411432171C96CEF8002F9F26 /* ShellScript */,
				41F14FE21B68F098002189F1 /* Sources */,
				4105ABF01BCB088A00D45AA8 /* Headers */,
			);
			buildRules = (
			);
			dependencies = (
			);
			name = mulle_concurrent;
			productName = mulle_aba;
			productReference = 41F14FE61B68F098002189F1 /* libmulle_concurrent.a */;
			productType = "com.apple.product-type.library.static";
		};
/* End PBXNativeTarget section */

/* Begin PBXProject section */
		414785241ABAF290002DBAE4 /* Project object */ = {
			isa = PBXProject;
			attributes = {
				LastUpgradeCheck = 0640;
				ORGANIZATIONNAME = "Mulle kybernetiK";
				TargetAttributes = {
					41AD75F51C8E33E600B18C35 = {
						CreatedOnToolsVersion = 7.2.1;
					};
					41CAEAC31C8D9599003C2C7B = {
						CreatedOnToolsVersion = 7.2.1;
					};
					41CAEAC81C8D95A6003C2C7B = {
						CreatedOnToolsVersion = 7.2.1;
					};
					41CAEAE61C8D9FF4003C2C7B = {
						CreatedOnToolsVersion = 7.2.1;
					};
					41CAEAF61C8DA20F003C2C7B = {
						CreatedOnToolsVersion = 7.2.1;
					};
					41F14FE51B68F098002189F1 = {
						CreatedOnToolsVersion = 6.2;
					};
				};
			};
			buildConfigurationList = 414785271ABAF290002DBAE4 /* Build configuration list for PBXProject "mulle-concurrent" */;
			compatibilityVersion = "Xcode 3.2";
			developmentRegion = English;
			hasScannedForEncodings = 0;
			knownRegions = (
				en,
				Base,
			);
			mainGroup = 414785231ABAF290002DBAE4;
			productRefGroup = 4147852D1ABAF290002DBAE4 /* Products */;
			projectDirPath = "";
			projectRoot = "";
			targets = (
				41CAEAC81C8D95A6003C2C7B /* Libraries */,
				41F14FE51B68F098002189F1 /* mulle_concurrent */,
				41CAEAC31C8D9599003C2C7B /* mulle_standalone_concurrent */,
				41AD75F51C8E33E600B18C35 /* Tests */,
				41CAEAE61C8D9FF4003C2C7B /* test-hashmap */,
				41CAEAF61C8DA20F003C2C7B /* test-pointerarray */,
			);
		};
/* End PBXProject section */

/* Begin PBXShellScriptBuildPhase section */
		411432171C96CEF8002F9F26 /* ShellScript */ = {
			isa = PBXShellScriptBuildPhase;
			buildActionMask = 2147483647;
			files = (
			);
			inputPaths = (
			);
			outputPaths = (
			);
			runOnlyForDeploymentPostprocessing = 0;
			shellPath = /bin/sh;
			shellScript = "echo \"${DEPENDENCY_SUBDIR}\"";
		};
/* End PBXShellScriptBuildPhase section */

/* Begin PBXSourcesBuildPhase section */
		41CAEAC01C8D9599003C2C7B /* Sources */ = {
			isa = PBXSourcesBuildPhase;
			buildActionMask = 2147483647;
			files = (
				41CAEADF1C8D98F0003C2C7B /* mulle_concurrent_standalone.c in Sources */,
			);
			runOnlyForDeploymentPostprocessing = 0;
		};
		41CAEAE31C8D9FF4003C2C7B /* Sources */ = {
			isa = PBXSourcesBuildPhase;
			buildActionMask = 2147483647;
			files = (
				41CAEAEF1C8DA00F003C2C7B /* hashmap.c in Sources */,
			);
			runOnlyForDeploymentPostprocessing = 0;
		};
		41CAEAF31C8DA20F003C2C7B /* Sources */ = {
			isa = PBXSourcesBuildPhase;
			buildActionMask = 2147483647;
			files = (
				41CAEB041C8DA251003C2C7B /* pointerarray.c in Sources */,
			);
			runOnlyForDeploymentPostprocessing = 0;
		};
		41F14FE21B68F098002189F1 /* Sources */ = {
			isa = PBXSourcesBuildPhase;
			buildActionMask = 2147483647;
			files = (
				41D8BA841C8D92DE00186ECE /* mulle_concurrent_pointerarray.c in Sources */,
				41D8BA821C8D92DE00186ECE /* mulle_concurrent_hashmap.c in Sources */,
			);
			runOnlyForDeploymentPostprocessing = 0;
		};
/* End PBXSourcesBuildPhase section */

/* Begin PBXTargetDependency section */
		41AD75FA1C8E33F700B18C35 /* PBXTargetDependency */ = {
			isa = PBXTargetDependency;
			target = 41CAEAE61C8D9FF4003C2C7B /* test-hashmap */;
			targetProxy = 41AD75F91C8E33F700B18C35 /* PBXContainerItemProxy */;
		};
		41AD75FC1C8E33F700B18C35 /* PBXTargetDependency */ = {
			isa = PBXTargetDependency;
			target = 41CAEAF61C8DA20F003C2C7B /* test-pointerarray */;
			targetProxy = 41AD75FB1C8E33F700B18C35 /* PBXContainerItemProxy */;
		};
		41CAEACD1C8D95B0003C2C7B /* PBXTargetDependency */ = {
			isa = PBXTargetDependency;
			target = 41F14FE51B68F098002189F1 /* mulle_concurrent */;
			targetProxy = 41CAEACC1C8D95B0003C2C7B /* PBXContainerItemProxy */;
		};
		41CAEACF1C8D95B0003C2C7B /* PBXTargetDependency */ = {
			isa = PBXTargetDependency;
			target = 41CAEAC31C8D9599003C2C7B /* mulle_standalone_concurrent */;
			targetProxy = 41CAEACE1C8D95B0003C2C7B /* PBXContainerItemProxy */;
		};
		41CAEAD11C8D95B5003C2C7B /* PBXTargetDependency */ = {
			isa = PBXTargetDependency;
			target = 41F14FE51B68F098002189F1 /* mulle_concurrent */;
			targetProxy = 41CAEAD01C8D95B5003C2C7B /* PBXContainerItemProxy */;
		};
		41CAEAF11C8DA098003C2C7B /* PBXTargetDependency */ = {
			isa = PBXTargetDependency;
			target = 41CAEAC31C8D9599003C2C7B /* mulle_standalone_concurrent */;
			targetProxy = 41CAEAF01C8DA098003C2C7B /* PBXContainerItemProxy */;
		};
		41CAEAFF1C8DA221003C2C7B /* PBXTargetDependency */ = {
			isa = PBXTargetDependency;
			target = 41CAEAC31C8D9599003C2C7B /* mulle_standalone_concurrent */;
			targetProxy = 41CAEAFE1C8DA221003C2C7B /* PBXContainerItemProxy */;
		};
/* End PBXTargetDependency section */

/* Begin XCBuildConfiguration section */
		414785311ABAF290002DBAE4 /* Debug */ = {
			isa = XCBuildConfiguration;
			baseConfigurationReference = 417C02651BD8404E005A3751 /* Debug.xcconfig */;
			buildSettings = {
				CURRENT_PROJECT_VERSION = 1.3.1;
				DEPENDENCIES_DIR = "$(PROJECT_DIR)/../dependencies";
				GCC_WARN_PEDANTIC = YES;
			};
			name = Debug;
		};
		414785321ABAF290002DBAE4 /* Release */ = {
			isa = XCBuildConfiguration;
			baseConfigurationReference = 417C02681BD8404E005A3751 /* Release.xcconfig */;
			buildSettings = {
				CURRENT_PROJECT_VERSION = 1.3.1;
				DEPENDENCIES_DIR = "$(PROJECT_DIR)/../dependencies";
				GCC_WARN_PEDANTIC = YES;
			};
			name = Release;
		};
		41AD75F61C8E33E600B18C35 /* Debug */ = {
			isa = XCBuildConfiguration;
			buildSettings = {
				PRODUCT_NAME = "$(TARGET_NAME)";
			};
			name = Debug;
		};
		41AD75F71C8E33E600B18C35 /* Release */ = {
			isa = XCBuildConfiguration;
			buildSettings = {
				PRODUCT_NAME = "$(TARGET_NAME)";
			};
			name = Release;
		};
		41CAEAC61C8D9599003C2C7B /* Debug */ = {
			isa = XCBuildConfiguration;
			baseConfigurationReference = 41CAEADD1C8D982D003C2C7B /* DynamicLibraryOSX.xcconfig */;
			buildSettings = {
				OTHER_LDFLAGS = (
					"-force_load",
					"$(DEPENDENCIES_DIR)/lib/libmulle_test_allocator.a",
					"-force_load",
					"$(DEPENDENCIES_DIR)/lib/libmulle_aba.a",
					"-force_load",
					"$(CONFIGURATION_BUILD_DIR)/libmulle_concurrent.a",
				);
			};
			name = Debug;
		};
		41CAEAC71C8D9599003C2C7B /* Release */ = {
			isa = XCBuildConfiguration;
			baseConfigurationReference = 41CAEADD1C8D982D003C2C7B /* DynamicLibraryOSX.xcconfig */;
			buildSettings = {
				OTHER_LDFLAGS = (
					"-force_load",
					"$(DEPENDENCIES_DIR)/lib/$(CONFIGURATION)/libmulle_test_allocator.a",
					"-force_load",
					"$(DEPENDENCIES_DIR)/lib/$(CONFIGURATION)/libmulle_aba.a",
					"-force_load",
					"$(CONFIGURATION_BUILD_DIR)/libmulle_concurrent.a",
				);
			};
			name = Release;
		};
		41CAEACA1C8D95A6003C2C7B /* Debug */ = {
			isa = XCBuildConfiguration;
			buildSettings = {
			};
			name = Debug;
		};
		41CAEACB1C8D95A6003C2C7B /* Release */ = {
			isa = XCBuildConfiguration;
			buildSettings = {
			};
			name = Release;
		};
		41CAEAEC1C8D9FF4003C2C7B /* Debug */ = {
			isa = XCBuildConfiguration;
			baseConfigurationReference = 417C026C1BD8404E005A3751 /* ToolOSX.xcconfig */;
			buildSettings = {
				LIBRARY_SEARCH_PATHS = "$(inherited)";
			};
			name = Debug;
		};
		41CAEAED1C8D9FF4003C2C7B /* Release */ = {
			isa = XCBuildConfiguration;
			baseConfigurationReference = 417C026C1BD8404E005A3751 /* ToolOSX.xcconfig */;
			buildSettings = {
				LIBRARY_SEARCH_PATHS = "$(inherited)";
			};
			name = Release;
		};
		41CAEAFC1C8DA20F003C2C7B /* Debug */ = {
			isa = XCBuildConfiguration;
			baseConfigurationReference = 417C026C1BD8404E005A3751 /* ToolOSX.xcconfig */;
			buildSettings = {
				LIBRARY_SEARCH_PATHS = (
					"$(inherited)",
					"$(PROJECT_DIR)/dependencies/lib",
				);
			};
			name = Debug;
		};
		41CAEAFD1C8DA20F003C2C7B /* Release */ = {
			isa = XCBuildConfiguration;
			baseConfigurationReference = 417C026C1BD8404E005A3751 /* ToolOSX.xcconfig */;
			buildSettings = {
				LIBRARY_SEARCH_PATHS = (
					"$(inherited)",
					"$(PROJECT_DIR)/dependencies/lib",
				);
			};
			name = Release;
		};
		41F14FE81B68F098002189F1 /* Debug */ = {
			isa = XCBuildConfiguration;
			baseConfigurationReference = 417C026B1BD8404E005A3751 /* StaticLibraryOSX.xcconfig */;
			buildSettings = {
			};
			name = Debug;
		};
		41F14FE91B68F098002189F1 /* Release */ = {
			isa = XCBuildConfiguration;
			baseConfigurationReference = 417C026B1BD8404E005A3751 /* StaticLibraryOSX.xcconfig */;
			buildSettings = {
			};
			name = Release;
		};
/* End XCBuildConfiguration section */

/* Begin XCConfigurationList section */
		414785271ABAF290002DBAE4 /* Build configuration list for PBXProject "mulle-concurrent" */ = {
			isa = XCConfigurationList;
			buildConfigurations = (
				414785311ABAF290002DBAE4 /* Debug */,
				414785321ABAF290002DBAE4 /* Release */,
			);
			defaultConfigurationIsVisible = 0;
			defaultConfigurationName = Release;
		};
		41AD75F81C8E33E600B18C35 /* Build configuration list for PBXAggregateTarget "Tests" */ = {
			isa = XCConfigurationList;
			buildConfigurations = (
				41AD75F61C8E33E600B18C35 /* Debug */,
				41AD75F71C8E33E600B18C35 /* Release */,
			);
			defaultConfigurationIsVisible = 0;
			defaultConfigurationName = Release;
		};
		41CAEAC51C8D9599003C2C7B /* Build configuration list for PBXNativeTarget "mulle_standalone_concurrent" */ = {
			isa = XCConfigurationList;
			buildConfigurations = (
				41CAEAC61C8D9599003C2C7B /* Debug */,
				41CAEAC71C8D9599003C2C7B /* Release */,
			);
			defaultConfigurationIsVisible = 0;
			defaultConfigurationName = Release;
		};
		41CAEAC91C8D95A6003C2C7B /* Build configuration list for PBXAggregateTarget "Libraries" */ = {
			isa = XCConfigurationList;
			buildConfigurations = (
				41CAEACA1C8D95A6003C2C7B /* Debug */,
				41CAEACB1C8D95A6003C2C7B /* Release */,
			);
			defaultConfigurationIsVisible = 0;
			defaultConfigurationName = Release;
		};
		41CAEAEB1C8D9FF4003C2C7B /* Build configuration list for PBXNativeTarget "test-hashmap" */ = {
			isa = XCConfigurationList;
			buildConfigurations = (
				41CAEAEC1C8D9FF4003C2C7B /* Debug */,
				41CAEAED1C8D9FF4003C2C7B /* Release */,
			);
			defaultConfigurationIsVisible = 0;
			defaultConfigurationName = Release;
		};
		41CAEAFB1C8DA20F003C2C7B /* Build configuration list for PBXNativeTarget "test-pointerarray" */ = {
			isa = XCConfigurationList;
			buildConfigurations = (
				41CAEAFC1C8DA20F003C2C7B /* Debug */,
				41CAEAFD1C8DA20F003C2C7B /* Release */,
			);
			defaultConfigurationIsVisible = 0;
			defaultConfigurationName = Release;
		};
		41F14FE71B68F098002189F1 /* Build configuration list for PBXNativeTarget "mulle_concurrent" */ = {
			isa = XCConfigurationList;
			buildConfigurations = (
				41F14FE81B68F098002189F1 /* Debug */,
				41F14FE91B68F098002189F1 /* Release */,
			);
			defaultConfigurationIsVisible = 0;
			defaultConfigurationName = Release;
		};
/* End XCConfigurationList section */
	};
	rootObject = 414785241ABAF290002DBAE4 /* Project object */;
}
